
Microsoft Visual Studio Solution File, Format Version 12.00
# Visual Studio Version 17
VisualStudioVersion = 17.6.33815.320
MinimumVisualStudioVersion = 10.0.40219.1
Project("{FAE04EC0-301F-11D3-BF4B-00C04F79EFBC}") = "Nemesis", "Nemesis\Nemesis.csproj", "{79D0391F-4A11-43B7-B2EA-793EA7C03126}"
EndProject
Global
	GlobalSection(SolutionConfigurationPlatforms) = preSolution
		Debug|Any CPU = Debug|Any CPU
		Release|Any CPU = Release|Any CPU
	EndGlobalSection
	GlobalSection(ProjectConfigurationPlatforms) = postSolution
		{79D0391F-4A11-43B7-B2EA-793EA7C03126}.Debug|Any CPU.ActiveCfg = Debug|Any CPU
		{79D0391F-4A11-43B7-B2EA-793EA7C03126}.Debug|Any CPU.Build.0 = Debug|Any CPU
		{79D0391F-4A11-43B7-B2EA-793EA7C03126}.Release|Any CPU.ActiveCfg = Release|Any CPU
		{79D0391F-4A11-43B7-B2EA-793EA7C03126}.Release|Any CPU.Build.0 = Release|Any CPU
	EndGlobalSection
	GlobalSection(SolutionProperties) = preSolution
		HideSolutionNode = FALSE
	EndGlobalSection
	GlobalSection(ExtensibilityGlobals) = postSolution
		SolutionGuid = {8A7417A6-C09A-4322-9890-98791CC35175}
	EndGlobalSection
EndGlobal
